
Microsoft Visual Studio Solution File, Format Version 12.00
# Visual Studio 2013
VisualStudioVersion = 12.0.21005.1
MinimumVisualStudioVersion = 10.0.40219.1
Project("{159641D6-6404-4A2A-AE62-294DE0FE8301}") = "Skip_N_Rows", "Skip_N_Rows\Skip_N_Rows.dtproj", "{24ABC1E1-BBA6-4CA1-B52C-D1FC08850896}"
EndProject
Global
	GlobalSection(SolutionConfigurationPlatforms) = preSolution
		Development|Default = Development|Default
	EndGlobalSection
	GlobalSection(ProjectConfigurationPlatforms) = postSolution
		{24ABC1E1-BBA6-4CA1-B52C-D1FC08850896}.Development|Default.ActiveCfg = Development
		{24ABC1E1-BBA6-4CA1-B52C-D1FC08850896}.Development|Default.Build.0 = Development
	EndGlobalSection
	GlobalSection(SolutionProperties) = preSolution
		HideSolutionNode = FALSE
	EndGlobalSection
EndGlobal
